// !$*UTF8*$!
{
	archiveVersion = 1;
	classes = {
	};
	objectVersion = 56;
	objects = {

/* Begin PBXBuildFile section */
		CB0E77232C9406E900B512BC /* AddModifyItemViewModel.swift in Sources */ = {isa = PBXBuildFile; fileRef = CB0E77222C9406E900B512BC /* AddModifyItemViewModel.swift */; };
		CB0E77252C94078500B512BC /* ItemNameField.swift in Sources */ = {isa = PBXBuildFile; fileRef = CB0E77242C94078500B512BC /* ItemNameField.swift */; };
		CB0E77272C9407AD00B512BC /* ImagePickerButton.swift in Sources */ = {isa = PBXBuildFile; fileRef = CB0E77262C9407AD00B512BC /* ImagePickerButton.swift */; };
		CB0E77292C9407C900B512BC /* BestBeforeDatePicker.swift in Sources */ = {isa = PBXBuildFile; fileRef = CB0E77282C9407C900B512BC /* BestBeforeDatePicker.swift */; };
		CB0E772B2C9407E400B512BC /* CategoryPicker.swift in Sources */ = {isa = PBXBuildFile; fileRef = CB0E772A2C9407E400B512BC /* CategoryPicker.swift */; };
		CB0E772D2C9407FA00B512BC /* LocationPicker.swift in Sources */ = {isa = PBXBuildFile; fileRef = CB0E772C2C9407FA00B512BC /* LocationPicker.swift */; };
		CB0E772F2C94081B00B512BC /* ActionButtons.swift in Sources */ = {isa = PBXBuildFile; fileRef = CB0E772E2C94081B00B512BC /* ActionButtons.swift */; };
		CB0E77312C94084A00B512BC /* ImageExtensions.swift in Sources */ = {isa = PBXBuildFile; fileRef = CB0E77302C94084A00B512BC /* ImageExtensions.swift */; };
		CB0E77332C94087500B512BC /* DateExtensions.swift in Sources */ = {isa = PBXBuildFile; fileRef = CB0E77322C94087500B512BC /* DateExtensions.swift */; };
		CB0E77352C94089A00B512BC /* Constants.swift in Sources */ = {isa = PBXBuildFile; fileRef = CB0E77342C94089A00B512BC /* Constants.swift */; };
		CB30C79F2C5F257500FDCBD1 /* FoodItem.swift in Sources */ = {isa = PBXBuildFile; fileRef = CB30C79E2C5F257500FDCBD1 /* FoodItem.swift */; };
		CB30C7A12C600D2A00FDCBD1 /* FoodItemTemp.swift in Sources */ = {isa = PBXBuildFile; fileRef = CB30C7A02C600D2A00FDCBD1 /* FoodItemTemp.swift */; };
		CBD8D7462C9376C700D67D9F /* MainViewModel.swift in Sources */ = {isa = PBXBuildFile; fileRef = CBD8D7452C9376C700D67D9F /* MainViewModel.swift */; };
		CBD8D7492C937A1800D67D9F /* Theme.swift in Sources */ = {isa = PBXBuildFile; fileRef = CBD8D7482C937A1800D67D9F /* Theme.swift */; };
		CBD8D74C2C937A7F00D67D9F /* ConfettiSwiftUI in Frameworks */ = {isa = PBXBuildFile; productRef = CBD8D74B2C937A7F00D67D9F /* ConfettiSwiftUI */; };
		CBDC8A952C40A8570043839D /* FoodSaverApp.swift in Sources */ = {isa = PBXBuildFile; fileRef = CBDC8A942C40A8570043839D /* FoodSaverApp.swift */; };
		CBDC8A972C40A8570043839D /* ContentView.swift in Sources */ = {isa = PBXBuildFile; fileRef = CBDC8A962C40A8570043839D /* ContentView.swift */; };
		CBDC8A992C40A85B0043839D /* Assets.xcassets in Resources */ = {isa = PBXBuildFile; fileRef = CBDC8A982C40A85B0043839D /* Assets.xcassets */; };
		CBDC8A9C2C40A85B0043839D /* Preview Assets.xcassets in Resources */ = {isa = PBXBuildFile; fileRef = CBDC8A9B2C40A85B0043839D /* Preview Assets.xcassets */; };
		CBDC8AA62C40A85B0043839D /* FoodSaverTests.swift in Sources */ = {isa = PBXBuildFile; fileRef = CBDC8AA52C40A85B0043839D /* FoodSaverTests.swift */; };
		CBDC8AB02C40A85B0043839D /* FoodSaverUITests.swift in Sources */ = {isa = PBXBuildFile; fileRef = CBDC8AAF2C40A85B0043839D /* FoodSaverUITests.swift */; };
		CBDC8AB22C40A85B0043839D /* FoodSaverUITestsLaunchTests.swift in Sources */ = {isa = PBXBuildFile; fileRef = CBDC8AB12C40A85B0043839D /* FoodSaverUITestsLaunchTests.swift */; };
		CBDC8AC52C40A9E20043839D /* MainView.swift in Sources */ = {isa = PBXBuildFile; fileRef = CBDC8AC42C40A9E20043839D /* MainView.swift */; };
		CBDC8AC72C40AA530043839D /* SplashScreenView.swift in Sources */ = {isa = PBXBuildFile; fileRef = CBDC8AC62C40AA530043839D /* SplashScreenView.swift */; };
		CBDC8AC92C40AAAC0043839D /* AddModifyItemView.swift in Sources */ = {isa = PBXBuildFile; fileRef = CBDC8AC82C40AAAC0043839D /* AddModifyItemView.swift */; };
		CBDC8ACB2C40B19A0043839D /* SearchBar.swift in Sources */ = {isa = PBXBuildFile; fileRef = CBDC8ACA2C40B19A0043839D /* SearchBar.swift */; };
		CBDC8ACD2C40B1B40043839D /* FoodItemRow.swift in Sources */ = {isa = PBXBuildFile; fileRef = CBDC8ACC2C40B1B40043839D /* FoodItemRow.swift */; };
		CBDC8ADD2C40C15B0043839D /* ImagePicker.swift in Sources */ = {isa = PBXBuildFile; fileRef = CBDC8ADC2C40C15B0043839D /* ImagePicker.swift */; };
		CBDC8ADF2C42006D0043839D /* ReadOnlyItemView.swift in Sources */ = {isa = PBXBuildFile; fileRef = CBDC8ADE2C42006D0043839D /* ReadOnlyItemView.swift */; };
/* End PBXBuildFile section */

/* Begin PBXContainerItemProxy section */
		CBDC8AA22C40A85B0043839D /* PBXContainerItemProxy */ = {
			isa = PBXContainerItemProxy;
			containerPortal = CBDC8A892C40A8570043839D /* Project object */;
			proxyType = 1;
			remoteGlobalIDString = CBDC8A902C40A8570043839D;
			remoteInfo = FoodSaver;
		};
		CBDC8AAC2C40A85B0043839D /* PBXContainerItemProxy */ = {
			isa = PBXContainerItemProxy;
			containerPortal = CBDC8A892C40A8570043839D /* Project object */;
			proxyType = 1;
			remoteGlobalIDString = CBDC8A902C40A8570043839D;
			remoteInfo = FoodSaver;
		};
/* End PBXContainerItemProxy section */

/* Begin PBXFileReference section */
		CB0E77222C9406E900B512BC /* AddModifyItemViewModel.swift */ = {isa = PBXFileReference; lastKnownFileType = sourcecode.swift; path = AddModifyItemViewModel.swift; sourceTree = "<group>"; };
		CB0E77242C94078500B512BC /* ItemNameField.swift */ = {isa = PBXFileReference; lastKnownFileType = sourcecode.swift; path = ItemNameField.swift; sourceTree = "<group>"; };
		CB0E77262C9407AD00B512BC /* ImagePickerButton.swift */ = {isa = PBXFileReference; lastKnownFileType = sourcecode.swift; path = ImagePickerButton.swift; sourceTree = "<group>"; };
		CB0E77282C9407C900B512BC /* BestBeforeDatePicker.swift */ = {isa = PBXFileReference; lastKnownFileType = sourcecode.swift; path = BestBeforeDatePicker.swift; sourceTree = "<group>"; };
		CB0E772A2C9407E400B512BC /* CategoryPicker.swift */ = {isa = PBXFileReference; lastKnownFileType = sourcecode.swift; path = CategoryPicker.swift; sourceTree = "<group>"; };
		CB0E772C2C9407FA00B512BC /* LocationPicker.swift */ = {isa = PBXFileReference; lastKnownFileType = sourcecode.swift; path = LocationPicker.swift; sourceTree = "<group>"; };
		CB0E772E2C94081B00B512BC /* ActionButtons.swift */ = {isa = PBXFileReference; lastKnownFileType = sourcecode.swift; path = ActionButtons.swift; sourceTree = "<group>"; };
		CB0E77302C94084A00B512BC /* ImageExtensions.swift */ = {isa = PBXFileReference; lastKnownFileType = sourcecode.swift; path = ImageExtensions.swift; sourceTree = "<group>"; };
		CB0E77322C94087500B512BC /* DateExtensions.swift */ = {isa = PBXFileReference; lastKnownFileType = sourcecode.swift; path = DateExtensions.swift; sourceTree = "<group>"; };
		CB0E77342C94089A00B512BC /* Constants.swift */ = {isa = PBXFileReference; lastKnownFileType = sourcecode.swift; path = Constants.swift; sourceTree = "<group>"; };
		CB30C79E2C5F257500FDCBD1 /* FoodItem.swift */ = {isa = PBXFileReference; lastKnownFileType = sourcecode.swift; path = FoodItem.swift; sourceTree = "<group>"; };
		CB30C7A02C600D2A00FDCBD1 /* FoodItemTemp.swift */ = {isa = PBXFileReference; lastKnownFileType = sourcecode.swift; path = FoodItemTemp.swift; sourceTree = "<group>"; };
		CBD8D7452C9376C700D67D9F /* MainViewModel.swift */ = {isa = PBXFileReference; lastKnownFileType = sourcecode.swift; path = MainViewModel.swift; sourceTree = "<group>"; };
		CBD8D7482C937A1800D67D9F /* Theme.swift */ = {isa = PBXFileReference; lastKnownFileType = sourcecode.swift; path = Theme.swift; sourceTree = "<group>"; };
		CBDC8A912C40A8570043839D /* FoodSaver.app */ = {isa = PBXFileReference; explicitFileType = wrapper.application; includeInIndex = 0; path = FoodSaver.app; sourceTree = BUILT_PRODUCTS_DIR; };
		CBDC8A942C40A8570043839D /* FoodSaverApp.swift */ = {isa = PBXFileReference; lastKnownFileType = sourcecode.swift; path = FoodSaverApp.swift; sourceTree = "<group>"; };
		CBDC8A962C40A8570043839D /* ContentView.swift */ = {isa = PBXFileReference; lastKnownFileType = sourcecode.swift; path = ContentView.swift; sourceTree = "<group>"; };
		CBDC8A982C40A85B0043839D /* Assets.xcassets */ = {isa = PBXFileReference; lastKnownFileType = folder.assetcatalog; path = Assets.xcassets; sourceTree = "<group>"; };
		CBDC8A9B2C40A85B0043839D /* Preview Assets.xcassets */ = {isa = PBXFileReference; lastKnownFileType = folder.assetcatalog; path = "Preview Assets.xcassets"; sourceTree = "<group>"; };
		CBDC8AA12C40A85B0043839D /* FoodSaverTests.xctest */ = {isa = PBXFileReference; explicitFileType = wrapper.cfbundle; includeInIndex = 0; path = FoodSaverTests.xctest; sourceTree = BUILT_PRODUCTS_DIR; };
		CBDC8AA52C40A85B0043839D /* FoodSaverTests.swift */ = {isa = PBXFileReference; lastKnownFileType = sourcecode.swift; path = FoodSaverTests.swift; sourceTree = "<group>"; };
		CBDC8AAB2C40A85B0043839D /* FoodSaverUITests.xctest */ = {isa = PBXFileReference; explicitFileType = wrapper.cfbundle; includeInIndex = 0; path = FoodSaverUITests.xctest; sourceTree = BUILT_PRODUCTS_DIR; };
		CBDC8AAF2C40A85B0043839D /* FoodSaverUITests.swift */ = {isa = PBXFileReference; lastKnownFileType = sourcecode.swift; path = FoodSaverUITests.swift; sourceTree = "<group>"; };
		CBDC8AB12C40A85B0043839D /* FoodSaverUITestsLaunchTests.swift */ = {isa = PBXFileReference; lastKnownFileType = sourcecode.swift; path = FoodSaverUITestsLaunchTests.swift; sourceTree = "<group>"; };
		CBDC8AC42C40A9E20043839D /* MainView.swift */ = {isa = PBXFileReference; lastKnownFileType = sourcecode.swift; path = MainView.swift; sourceTree = "<group>"; };
		CBDC8AC62C40AA530043839D /* SplashScreenView.swift */ = {isa = PBXFileReference; lastKnownFileType = sourcecode.swift; path = SplashScreenView.swift; sourceTree = "<group>"; };
		CBDC8AC82C40AAAC0043839D /* AddModifyItemView.swift */ = {isa = PBXFileReference; lastKnownFileType = sourcecode.swift; path = AddModifyItemView.swift; sourceTree = "<group>"; };
		CBDC8ACA2C40B19A0043839D /* SearchBar.swift */ = {isa = PBXFileReference; lastKnownFileType = sourcecode.swift; path = SearchBar.swift; sourceTree = "<group>"; };
		CBDC8ACC2C40B1B40043839D /* FoodItemRow.swift */ = {isa = PBXFileReference; lastKnownFileType = sourcecode.swift; path = FoodItemRow.swift; sourceTree = "<group>"; };
		CBDC8ADC2C40C15B0043839D /* ImagePicker.swift */ = {isa = PBXFileReference; lastKnownFileType = sourcecode.swift; path = ImagePicker.swift; sourceTree = "<group>"; };
		CBDC8ADE2C42006D0043839D /* ReadOnlyItemView.swift */ = {isa = PBXFileReference; lastKnownFileType = sourcecode.swift; path = ReadOnlyItemView.swift; sourceTree = "<group>"; };
/* End PBXFileReference section */

/* Begin PBXFrameworksBuildPhase section */
		CBDC8A8E2C40A8570043839D /* Frameworks */ = {
			isa = PBXFrameworksBuildPhase;
			buildActionMask = 2147483647;
			files = (
				CBD8D74C2C937A7F00D67D9F /* ConfettiSwiftUI in Frameworks */,
			);
			runOnlyForDeploymentPostprocessing = 0;
		};
		CBDC8A9E2C40A85B0043839D /* Frameworks */ = {
			isa = PBXFrameworksBuildPhase;
			buildActionMask = 2147483647;
			files = (
			);
			runOnlyForDeploymentPostprocessing = 0;
		};
		CBDC8AA82C40A85B0043839D /* Frameworks */ = {
			isa = PBXFrameworksBuildPhase;
			buildActionMask = 2147483647;
			files = (
			);
			runOnlyForDeploymentPostprocessing = 0;
		};
/* End PBXFrameworksBuildPhase section */

/* Begin PBXGroup section */
		CB0E771D2C94058300B512BC /* Models */ = {
			isa = PBXGroup;
			children = (
				CB30C79E2C5F257500FDCBD1 /* FoodItem.swift */,
				CB30C7A02C600D2A00FDCBD1 /* FoodItemTemp.swift */,
			);
			path = Models;
			sourceTree = "<group>";
		};
		CB0E771E2C94059600B512BC /* ViewModels */ = {
			isa = PBXGroup;
			children = (
				CBD8D7452C9376C700D67D9F /* MainViewModel.swift */,
				CB0E77222C9406E900B512BC /* AddModifyItemViewModel.swift */,
			);
			path = ViewModels;
			sourceTree = "<group>";
		};
		CB0E771F2C9405AB00B512BC /* Views */ = {
			isa = PBXGroup;
			children = (
				CBDC8AC42C40A9E20043839D /* MainView.swift */,
				CBDC8AC82C40AAAC0043839D /* AddModifyItemView.swift */,
				CBDC8ADE2C42006D0043839D /* ReadOnlyItemView.swift */,
				CBDC8ACC2C40B1B40043839D /* FoodItemRow.swift */,
				CBDC8AC62C40AA530043839D /* SplashScreenView.swift */,
				CBDC8A962C40A8570043839D /* ContentView.swift */,
			);
			path = Views;
			sourceTree = "<group>";
		};
		CB0E77202C9405BD00B512BC /* Components */ = {
			isa = PBXGroup;
			children = (
				CBDC8ACA2C40B19A0043839D /* SearchBar.swift */,
				CB0E77242C94078500B512BC /* ItemNameField.swift */,
				CB0E77262C9407AD00B512BC /* ImagePickerButton.swift */,
				CB0E77282C9407C900B512BC /* BestBeforeDatePicker.swift */,
				CB0E772A2C9407E400B512BC /* CategoryPicker.swift */,
				CB0E772C2C9407FA00B512BC /* LocationPicker.swift */,
				CB0E772E2C94081B00B512BC /* ActionButtons.swift */,
			);
			path = Components;
			sourceTree = "<group>";
		};
		CB0E77212C9405D300B512BC /* Utilities */ = {
			isa = PBXGroup;
			children = (
				CBD8D7482C937A1800D67D9F /* Theme.swift */,
				CBDC8ADC2C40C15B0043839D /* ImagePicker.swift */,
				CB0E77302C94084A00B512BC /* ImageExtensions.swift */,
				CB0E77322C94087500B512BC /* DateExtensions.swift */,
				CB0E77342C94089A00B512BC /* Constants.swift */,
			);
			path = Utilities;
			sourceTree = "<group>";
		};
		CBD8D74A2C937A7F00D67D9F /* Frameworks */ = {
			isa = PBXGroup;
			children = (
			);
			name = Frameworks;
			sourceTree = "<group>";
		};
		CBDC8A882C40A8570043839D = {
			isa = PBXGroup;
			children = (
				CBDC8A932C40A8570043839D /* FoodSaver */,
				CBDC8AAE2C40A85B0043839D /* FoodSaverUITests */,
				CBDC8A922C40A8570043839D /* Products */,
				CBD8D74A2C937A7F00D67D9F /* Frameworks */,
			);
			sourceTree = "<group>";
		};
		CBDC8A922C40A8570043839D /* Products */ = {
			isa = PBXGroup;
			children = (
				CBDC8A912C40A8570043839D /* FoodSaver.app */,
				CBDC8AA12C40A85B0043839D /* FoodSaverTests.xctest */,
				CBDC8AAB2C40A85B0043839D /* FoodSaverUITests.xctest */,
			);
			name = Products;
			sourceTree = "<group>";
		};
		CBDC8A932C40A8570043839D /* FoodSaver */ = {
			isa = PBXGroup;
			children = (
				CB0E771D2C94058300B512BC /* Models */,
				CB0E771E2C94059600B512BC /* ViewModels */,
				CB0E771F2C9405AB00B512BC /* Views */,
				CB0E77202C9405BD00B512BC /* Components */,
				CB0E77212C9405D300B512BC /* Utilities */,
				CBDC8A942C40A8570043839D /* FoodSaverApp.swift */,
				CBDC8AA42C40A85B0043839D /* FoodSaverTests */,
				CBDC8A982C40A85B0043839D /* Assets.xcassets */,
				CBDC8A9A2C40A85B0043839D /* Preview Content */,
			);
			path = FoodSaver;
			sourceTree = "<group>";
		};
		CBDC8A9A2C40A85B0043839D /* Preview Content */ = {
			isa = PBXGroup;
			children = (
				CBDC8A9B2C40A85B0043839D /* Preview Assets.xcassets */,
			);
			path = "Preview Content";
			sourceTree = "<group>";
		};
		CBDC8AA42C40A85B0043839D /* FoodSaverTests */ = {
			isa = PBXGroup;
			children = (
				CBDC8AA52C40A85B0043839D /* FoodSaverTests.swift */,
			);
			path = FoodSaverTests;
			sourceTree = "<group>";
		};
		CBDC8AAE2C40A85B0043839D /* FoodSaverUITests */ = {
			isa = PBXGroup;
			children = (
				CBDC8AAF2C40A85B0043839D /* FoodSaverUITests.swift */,
				CBDC8AB12C40A85B0043839D /* FoodSaverUITestsLaunchTests.swift */,
			);
			path = FoodSaverUITests;
			sourceTree = "<group>";
		};
/* End PBXGroup section */

/* Begin PBXNativeTarget section */
		CBDC8A902C40A8570043839D /* FoodSaver */ = {
			isa = PBXNativeTarget;
			buildConfigurationList = CBDC8AB52C40A85B0043839D /* Build configuration list for PBXNativeTarget "FoodSaver" */;
			buildPhases = (
				CBDC8A8D2C40A8570043839D /* Sources */,
				CBDC8A8E2C40A8570043839D /* Frameworks */,
				CBDC8A8F2C40A8570043839D /* Resources */,
			);
			buildRules = (
			);
			dependencies = (
			);
			name = FoodSaver;
			packageProductDependencies = (
				CBD8D74B2C937A7F00D67D9F /* ConfettiSwiftUI */,
			);
			productName = FoodSaver;
			productReference = CBDC8A912C40A8570043839D /* FoodSaver.app */;
			productType = "com.apple.product-type.application";
		};
		CBDC8AA02C40A85B0043839D /* FoodSaverTests */ = {
			isa = PBXNativeTarget;
			buildConfigurationList = CBDC8AB82C40A85B0043839D /* Build configuration list for PBXNativeTarget "FoodSaverTests" */;
			buildPhases = (
				CBDC8A9D2C40A85B0043839D /* Sources */,
				CBDC8A9E2C40A85B0043839D /* Frameworks */,
				CBDC8A9F2C40A85B0043839D /* Resources */,
			);
			buildRules = (
			);
			dependencies = (
				CBDC8AA32C40A85B0043839D /* PBXTargetDependency */,
			);
			name = FoodSaverTests;
			productName = FoodSaverTests;
			productReference = CBDC8AA12C40A85B0043839D /* FoodSaverTests.xctest */;
			productType = "com.apple.product-type.bundle.unit-test";
		};
		CBDC8AAA2C40A85B0043839D /* FoodSaverUITests */ = {
			isa = PBXNativeTarget;
			buildConfigurationList = CBDC8ABB2C40A85B0043839D /* Build configuration list for PBXNativeTarget "FoodSaverUITests" */;
			buildPhases = (
				CBDC8AA72C40A85B0043839D /* Sources */,
				CBDC8AA82C40A85B0043839D /* Frameworks */,
				CBDC8AA92C40A85B0043839D /* Resources */,
			);
			buildRules = (
			);
			dependencies = (
				CBDC8AAD2C40A85B0043839D /* PBXTargetDependency */,
			);
			name = FoodSaverUITests;
			productName = FoodSaverUITests;
			productReference = CBDC8AAB2C40A85B0043839D /* FoodSaverUITests.xctest */;
			productType = "com.apple.product-type.bundle.ui-testing";
		};
/* End PBXNativeTarget section */

/* Begin PBXProject section */
		CBDC8A892C40A8570043839D /* Project object */ = {
			isa = PBXProject;
			attributes = {
				BuildIndependentTargetsInParallel = 1;
				LastSwiftUpdateCheck = 1540;
				LastUpgradeCheck = 1540;
				TargetAttributes = {
					CBDC8A902C40A8570043839D = {
						CreatedOnToolsVersion = 15.4;
					};
					CBDC8AA02C40A85B0043839D = {
						CreatedOnToolsVersion = 15.4;
						TestTargetID = CBDC8A902C40A8570043839D;
					};
					CBDC8AAA2C40A85B0043839D = {
						CreatedOnToolsVersion = 15.4;
						TestTargetID = CBDC8A902C40A8570043839D;
					};
				};
			};
			buildConfigurationList = CBDC8A8C2C40A8570043839D /* Build configuration list for PBXProject "FoodSaver" */;
			compatibilityVersion = "Xcode 14.0";
			developmentRegion = en;
			hasScannedForEncodings = 0;
			knownRegions = (
				en,
				Base,
			);
			mainGroup = CBDC8A882C40A8570043839D;
			packageReferences = (
				CBD8D7472C93789600D67D9F /* XCRemoteSwiftPackageReference "ConfettiSwiftUI" */,
			);
			productRefGroup = CBDC8A922C40A8570043839D /* Products */;
			projectDirPath = "";
			projectRoot = "";
			targets = (
				CBDC8A902C40A8570043839D /* FoodSaver */,
				CBDC8AA02C40A85B0043839D /* FoodSaverTests */,
				CBDC8AAA2C40A85B0043839D /* FoodSaverUITests */,
			);
		};
/* End PBXProject section */

/* Begin PBXResourcesBuildPhase section */
		CBDC8A8F2C40A8570043839D /* Resources */ = {
			isa = PBXResourcesBuildPhase;
			buildActionMask = 2147483647;
			files = (
				CBDC8A9C2C40A85B0043839D /* Preview Assets.xcassets in Resources */,
				CBDC8A992C40A85B0043839D /* Assets.xcassets in Resources */,
			);
			runOnlyForDeploymentPostprocessing = 0;
		};
		CBDC8A9F2C40A85B0043839D /* Resources */ = {
			isa = PBXResourcesBuildPhase;
			buildActionMask = 2147483647;
			files = (
			);
			runOnlyForDeploymentPostprocessing = 0;
		};
		CBDC8AA92C40A85B0043839D /* Resources */ = {
			isa = PBXResourcesBuildPhase;
			buildActionMask = 2147483647;
			files = (
			);
			runOnlyForDeploymentPostprocessing = 0;
		};
/* End PBXResourcesBuildPhase section */

/* Begin PBXSourcesBuildPhase section */
		CBDC8A8D2C40A8570043839D /* Sources */ = {
			isa = PBXSourcesBuildPhase;
			buildActionMask = 2147483647;
			files = (
				CB0E77332C94087500B512BC /* DateExtensions.swift in Sources */,
				CB30C79F2C5F257500FDCBD1 /* FoodItem.swift in Sources */,
				CB0E772B2C9407E400B512BC /* CategoryPicker.swift in Sources */,
				CB0E77272C9407AD00B512BC /* ImagePickerButton.swift in Sources */,
				CB0E77252C94078500B512BC /* ItemNameField.swift in Sources */,
				CB0E77232C9406E900B512BC /* AddModifyItemViewModel.swift in Sources */,
				CB0E772D2C9407FA00B512BC /* LocationPicker.swift in Sources */,
				CBDC8ADD2C40C15B0043839D /* ImagePicker.swift in Sources */,
				CB0E77292C9407C900B512BC /* BestBeforeDatePicker.swift in Sources */,
				CB30C7A12C600D2A00FDCBD1 /* FoodItemTemp.swift in Sources */,
				CBDC8AC72C40AA530043839D /* SplashScreenView.swift in Sources */,
				CBD8D7462C9376C700D67D9F /* MainViewModel.swift in Sources */,
				CBDC8A972C40A8570043839D /* ContentView.swift in Sources */,
				CB0E77312C94084A00B512BC /* ImageExtensions.swift in Sources */,
				CBDC8ADF2C42006D0043839D /* ReadOnlyItemView.swift in Sources */,
				CB0E772F2C94081B00B512BC /* ActionButtons.swift in Sources */,
				CBDC8AC52C40A9E20043839D /* MainView.swift in Sources */,
				CBDC8ACB2C40B19A0043839D /* SearchBar.swift in Sources */,
				CBDC8AC92C40AAAC0043839D /* AddModifyItemView.swift in Sources */,
				CBDC8ACD2C40B1B40043839D /* FoodItemRow.swift in Sources */,
				CBDC8A952C40A8570043839D /* FoodSaverApp.swift in Sources */,
				CBD8D7492C937A1800D67D9F /* Theme.swift in Sources */,
				CB0E77352C94089A00B512BC /* Constants.swift in Sources */,
			);
			runOnlyForDeploymentPostprocessing = 0;
		};
		CBDC8A9D2C40A85B0043839D /* Sources */ = {
			isa = PBXSourcesBuildPhase;
			buildActionMask = 2147483647;
			files = (
				CBDC8AA62C40A85B0043839D /* FoodSaverTests.swift in Sources */,
			);
			runOnlyForDeploymentPostprocessing = 0;
		};
		CBDC8AA72C40A85B0043839D /* Sources */ = {
			isa = PBXSourcesBuildPhase;
			buildActionMask = 2147483647;
			files = (
				CBDC8AB22C40A85B0043839D /* FoodSaverUITestsLaunchTests.swift in Sources */,
				CBDC8AB02C40A85B0043839D /* FoodSaverUITests.swift in Sources */,
			);
			runOnlyForDeploymentPostprocessing = 0;
		};
/* End PBXSourcesBuildPhase section */

/* Begin PBXTargetDependency section */
		CBDC8AA32C40A85B0043839D /* PBXTargetDependency */ = {
			isa = PBXTargetDependency;
			target = CBDC8A902C40A8570043839D /* FoodSaver */;
			targetProxy = CBDC8AA22C40A85B0043839D /* PBXContainerItemProxy */;
		};
		CBDC8AAD2C40A85B0043839D /* PBXTargetDependency */ = {
			isa = PBXTargetDependency;
			target = CBDC8A902C40A8570043839D /* FoodSaver */;
			targetProxy = CBDC8AAC2C40A85B0043839D /* PBXContainerItemProxy */;
		};
/* End PBXTargetDependency section */

/* Begin XCBuildConfiguration section */
		CBDC8AB32C40A85B0043839D /* Debug */ = {
			isa = XCBuildConfiguration;
			buildSettings = {
				ALWAYS_SEARCH_USER_PATHS = NO;
				ASSETCATALOG_COMPILER_GENERATE_SWIFT_ASSET_SYMBOL_EXTENSIONS = YES;
				CLANG_ANALYZER_NONNULL = YES;
				CLANG_ANALYZER_NUMBER_OBJECT_CONVERSION = YES_AGGRESSIVE;
				CLANG_CXX_LANGUAGE_STANDARD = "gnu++20";
				CLANG_ENABLE_MODULES = YES;
				CLANG_ENABLE_OBJC_ARC = YES;
				CLANG_ENABLE_OBJC_WEAK = YES;
				CLANG_WARN_BLOCK_CAPTURE_AUTORELEASING = YES;
				CLANG_WARN_BOOL_CONVERSION = YES;
				CLANG_WARN_COMMA = YES;
				CLANG_WARN_CONSTANT_CONVERSION = YES;
				CLANG_WARN_DEPRECATED_OBJC_IMPLEMENTATIONS = YES;
				CLANG_WARN_DIRECT_OBJC_ISA_USAGE = YES_ERROR;
				CLANG_WARN_DOCUMENTATION_COMMENTS = YES;
				CLANG_WARN_EMPTY_BODY = YES;
				CLANG_WARN_ENUM_CONVERSION = YES;
				CLANG_WARN_INFINITE_RECURSION = YES;
				CLANG_WARN_INT_CONVERSION = YES;
				CLANG_WARN_NON_LITERAL_NULL_CONVERSION = YES;
				CLANG_WARN_OBJC_IMPLICIT_RETAIN_SELF = YES;
				CLANG_WARN_OBJC_LITERAL_CONVERSION = YES;
				CLANG_WARN_OBJC_ROOT_CLASS = YES_ERROR;
				CLANG_WARN_QUOTED_INCLUDE_IN_FRAMEWORK_HEADER = YES;
				CLANG_WARN_RANGE_LOOP_ANALYSIS = YES;
				CLANG_WARN_STRICT_PROTOTYPES = YES;
				CLANG_WARN_SUSPICIOUS_MOVE = YES;
				CLANG_WARN_UNGUARDED_AVAILABILITY = YES_AGGRESSIVE;
				CLANG_WARN_UNREACHABLE_CODE = YES;
				CLANG_WARN__DUPLICATE_METHOD_MATCH = YES;
				COPY_PHASE_STRIP = NO;
				DEBUG_INFORMATION_FORMAT = dwarf;
				ENABLE_STRICT_OBJC_MSGSEND = YES;
				ENABLE_TESTABILITY = YES;
				ENABLE_USER_SCRIPT_SANDBOXING = YES;
				GCC_C_LANGUAGE_STANDARD = gnu17;
				GCC_DYNAMIC_NO_PIC = NO;
				GCC_NO_COMMON_BLOCKS = YES;
				GCC_OPTIMIZATION_LEVEL = 0;
				GCC_PREPROCESSOR_DEFINITIONS = (
					"DEBUG=1",
					"$(inherited)",
				);
				GCC_WARN_64_TO_32_BIT_CONVERSION = YES;
				GCC_WARN_ABOUT_RETURN_TYPE = YES_ERROR;
				GCC_WARN_UNDECLARED_SELECTOR = YES;
				GCC_WARN_UNINITIALIZED_AUTOS = YES_AGGRESSIVE;
				GCC_WARN_UNUSED_FUNCTION = YES;
				GCC_WARN_UNUSED_VARIABLE = YES;
				IPHONEOS_DEPLOYMENT_TARGET = 17.5;
				LOCALIZATION_PREFERS_STRING_CATALOGS = YES;
				MTL_ENABLE_DEBUG_INFO = INCLUDE_SOURCE;
				MTL_FAST_MATH = YES;
				ONLY_ACTIVE_ARCH = YES;
				SDKROOT = iphoneos;
				SWIFT_ACTIVE_COMPILATION_CONDITIONS = "DEBUG $(inherited)";
				SWIFT_OPTIMIZATION_LEVEL = "-Onone";
			};
			name = Debug;
		};
		CBDC8AB42C40A85B0043839D /* Release */ = {
			isa = XCBuildConfiguration;
			buildSettings = {
				ALWAYS_SEARCH_USER_PATHS = NO;
				ASSETCATALOG_COMPILER_GENERATE_SWIFT_ASSET_SYMBOL_EXTENSIONS = YES;
				CLANG_ANALYZER_NONNULL = YES;
				CLANG_ANALYZER_NUMBER_OBJECT_CONVERSION = YES_AGGRESSIVE;
				CLANG_CXX_LANGUAGE_STANDARD = "gnu++20";
				CLANG_ENABLE_MODULES = YES;
				CLANG_ENABLE_OBJC_ARC = YES;
				CLANG_ENABLE_OBJC_WEAK = YES;
				CLANG_WARN_BLOCK_CAPTURE_AUTORELEASING = YES;
				CLANG_WARN_BOOL_CONVERSION = YES;
				CLANG_WARN_COMMA = YES;
				CLANG_WARN_CONSTANT_CONVERSION = YES;
				CLANG_WARN_DEPRECATED_OBJC_IMPLEMENTATIONS = YES;
				CLANG_WARN_DIRECT_OBJC_ISA_USAGE = YES_ERROR;
				CLANG_WARN_DOCUMENTATION_COMMENTS = YES;
				CLANG_WARN_EMPTY_BODY = YES;
				CLANG_WARN_ENUM_CONVERSION = YES;
				CLANG_WARN_INFINITE_RECURSION = YES;
				CLANG_WARN_INT_CONVERSION = YES;
				CLANG_WARN_NON_LITERAL_NULL_CONVERSION = YES;
				CLANG_WARN_OBJC_IMPLICIT_RETAIN_SELF = YES;
				CLANG_WARN_OBJC_LITERAL_CONVERSION = YES;
				CLANG_WARN_OBJC_ROOT_CLASS = YES_ERROR;
				CLANG_WARN_QUOTED_INCLUDE_IN_FRAMEWORK_HEADER = YES;
				CLANG_WARN_RANGE_LOOP_ANALYSIS = YES;
				CLANG_WARN_STRICT_PROTOTYPES = YES;
				CLANG_WARN_SUSPICIOUS_MOVE = YES;
				CLANG_WARN_UNGUARDED_AVAILABILITY = YES_AGGRESSIVE;
				CLANG_WARN_UNREACHABLE_CODE = YES;
				CLANG_WARN__DUPLICATE_METHOD_MATCH = YES;
				COPY_PHASE_STRIP = NO;
				DEBUG_INFORMATION_FORMAT = "dwarf-with-dsym";
				ENABLE_NS_ASSERTIONS = NO;
				ENABLE_STRICT_OBJC_MSGSEND = YES;
				ENABLE_USER_SCRIPT_SANDBOXING = YES;
				GCC_C_LANGUAGE_STANDARD = gnu17;
				GCC_NO_COMMON_BLOCKS = YES;
				GCC_WARN_64_TO_32_BIT_CONVERSION = YES;
				GCC_WARN_ABOUT_RETURN_TYPE = YES_ERROR;
				GCC_WARN_UNDECLARED_SELECTOR = YES;
				GCC_WARN_UNINITIALIZED_AUTOS = YES_AGGRESSIVE;
				GCC_WARN_UNUSED_FUNCTION = YES;
				GCC_WARN_UNUSED_VARIABLE = YES;
				IPHONEOS_DEPLOYMENT_TARGET = 17.5;
				LOCALIZATION_PREFERS_STRING_CATALOGS = YES;
				MTL_ENABLE_DEBUG_INFO = NO;
				MTL_FAST_MATH = YES;
				SDKROOT = iphoneos;
				SWIFT_COMPILATION_MODE = wholemodule;
				VALIDATE_PRODUCT = YES;
			};
			name = Release;
		};
		CBDC8AB62C40A85B0043839D /* Debug */ = {
			isa = XCBuildConfiguration;
			buildSettings = {
				ASSETCATALOG_COMPILER_APPICON_NAME = AppIcon;
				ASSETCATALOG_COMPILER_GLOBAL_ACCENT_COLOR_NAME = AccentColor;
				CODE_SIGN_STYLE = Automatic;
				CURRENT_PROJECT_VERSION = 1;
				DEVELOPMENT_ASSET_PATHS = "\"FoodSaver/Preview Content\"";
				DEVELOPMENT_TEAM = BD36Y7488S;
				ENABLE_PREVIEWS = YES;
				GENERATE_INFOPLIST_FILE = YES;
				INFOPLIST_KEY_NSCameraUsageDescription = "This app requires access to the camera to take pictures of food items.\"";
				INFOPLIST_KEY_NSPhotoLibraryUsageDescription = "This app requires access to the photo library to select pictures of food items.";
				INFOPLIST_KEY_UIApplicationSceneManifest_Generation = YES;
				INFOPLIST_KEY_UIApplicationSupportsIndirectInputEvents = YES;
				INFOPLIST_KEY_UILaunchScreen_Generation = YES;
				INFOPLIST_KEY_UISupportedInterfaceOrientations = "UIInterfaceOrientationPortrait UIInterfaceOrientationPortraitUpsideDown";
				INFOPLIST_KEY_UISupportedInterfaceOrientations_iPad = "UIInterfaceOrientationPortrait UIInterfaceOrientationPortraitUpsideDown UIInterfaceOrientationLandscapeLeft UIInterfaceOrientationLandscapeRight";
				INFOPLIST_KEY_UISupportedInterfaceOrientations_iPhone = "UIInterfaceOrientationPortrait UIInterfaceOrientationPortraitUpsideDown";
				LD_RUNPATH_SEARCH_PATHS = (
					"$(inherited)",
					"@executable_path/Frameworks",
				);
				MARKETING_VERSION = 1.0;
				PRODUCT_BUNDLE_IDENTIFIER = co.ouchie.FoodSaver;
				PRODUCT_NAME = "$(TARGET_NAME)";
				SWIFT_EMIT_LOC_STRINGS = YES;
				SWIFT_VERSION = 5.0;
				TARGETED_DEVICE_FAMILY = "1,2";
			};
			name = Debug;
		};
		CBDC8AB72C40A85B0043839D /* Release */ = {
			isa = XCBuildConfiguration;
			buildSettings = {
				ASSETCATALOG_COMPILER_APPICON_NAME = AppIcon;
				ASSETCATALOG_COMPILER_GLOBAL_ACCENT_COLOR_NAME = AccentColor;
				CODE_SIGN_STYLE = Automatic;
				CURRENT_PROJECT_VERSION = 1;
				DEVELOPMENT_ASSET_PATHS = "\"FoodSaver/Preview Content\"";
				DEVELOPMENT_TEAM = BD36Y7488S;
				ENABLE_PREVIEWS = YES;
				GENERATE_INFOPLIST_FILE = YES;
				INFOPLIST_KEY_NSCameraUsageDescription = "This app requires access to the camera to take pictures of food items.\"";
				INFOPLIST_KEY_NSPhotoLibraryUsageDescription = "This app requires access to the photo library to select pictures of food items.";
				INFOPLIST_KEY_UIApplicationSceneManifest_Generation = YES;
				INFOPLIST_KEY_UIApplicationSupportsIndirectInputEvents = YES;
				INFOPLIST_KEY_UILaunchScreen_Generation = YES;
				INFOPLIST_KEY_UISupportedInterfaceOrientations = "UIInterfaceOrientationPortrait UIInterfaceOrientationPortraitUpsideDown";
				INFOPLIST_KEY_UISupportedInterfaceOrientations_iPad = "UIInterfaceOrientationPortrait UIInterfaceOrientationPortraitUpsideDown UIInterfaceOrientationLandscapeLeft UIInterfaceOrientationLandscapeRight";
				INFOPLIST_KEY_UISupportedInterfaceOrientations_iPhone = "UIInterfaceOrientationPortrait UIInterfaceOrientationPortraitUpsideDown";
				LD_RUNPATH_SEARCH_PATHS = (
					"$(inherited)",
					"@executable_path/Frameworks",
				);
				MARKETING_VERSION = 1.0;
				PRODUCT_BUNDLE_IDENTIFIER = co.ouchie.FoodSaver;
				PRODUCT_NAME = "$(TARGET_NAME)";
				SWIFT_EMIT_LOC_STRINGS = YES;
				SWIFT_VERSION = 5.0;
				TARGETED_DEVICE_FAMILY = "1,2";
			};
			name = Release;
		};
		CBDC8AB92C40A85B0043839D /* Debug */ = {
			isa = XCBuildConfiguration;
			buildSettings = {
				ALWAYS_EMBED_SWIFT_STANDARD_LIBRARIES = YES;
				BUNDLE_LOADER = "$(TEST_HOST)";
				CODE_SIGN_STYLE = Automatic;
				CURRENT_PROJECT_VERSION = 1;
				GENERATE_INFOPLIST_FILE = YES;
				IPHONEOS_DEPLOYMENT_TARGET = 17.5;
				MARKETING_VERSION = 1.0;
				PRODUCT_BUNDLE_IDENTIFIER = co.ouchie.FoodSaverTests;
				PRODUCT_NAME = "$(TARGET_NAME)";
				SWIFT_EMIT_LOC_STRINGS = NO;
				SWIFT_VERSION = 5.0;
				TARGETED_DEVICE_FAMILY = "1,2";
				TEST_HOST = "$(BUILT_PRODUCTS_DIR)/FoodSaver.app/$(BUNDLE_EXECUTABLE_FOLDER_PATH)/FoodSaver";
			};
			name = Debug;
		};
		CBDC8ABA2C40A85B0043839D /* Release */ = {
			isa = XCBuildConfiguration;
			buildSettings = {
				ALWAYS_EMBED_SWIFT_STANDARD_LIBRARIES = YES;
				BUNDLE_LOADER = "$(TEST_HOST)";
				CODE_SIGN_STYLE = Automatic;
				CURRENT_PROJECT_VERSION = 1;
				GENERATE_INFOPLIST_FILE = YES;
				IPHONEOS_DEPLOYMENT_TARGET = 17.5;
				MARKETING_VERSION = 1.0;
				PRODUCT_BUNDLE_IDENTIFIER = co.ouchie.FoodSaverTests;
				PRODUCT_NAME = "$(TARGET_NAME)";
				SWIFT_EMIT_LOC_STRINGS = NO;
				SWIFT_VERSION = 5.0;
				TARGETED_DEVICE_FAMILY = "1,2";
				TEST_HOST = "$(BUILT_PRODUCTS_DIR)/FoodSaver.app/$(BUNDLE_EXECUTABLE_FOLDER_PATH)/FoodSaver";
			};
			name = Release;
		};
		CBDC8ABC2C40A85B0043839D /* Debug */ = {
			isa = XCBuildConfiguration;
			buildSettings = {
				ALWAYS_EMBED_SWIFT_STANDARD_LIBRARIES = YES;
				CODE_SIGN_STYLE = Automatic;
				CURRENT_PROJECT_VERSION = 1;
				GENERATE_INFOPLIST_FILE = YES;
				MARKETING_VERSION = 1.0;
				PRODUCT_BUNDLE_IDENTIFIER = co.ouchie.FoodSaverUITests;
				PRODUCT_NAME = "$(TARGET_NAME)";
				SWIFT_EMIT_LOC_STRINGS = NO;
				SWIFT_VERSION = 5.0;
				TARGETED_DEVICE_FAMILY = "1,2";
				TEST_TARGET_NAME = FoodSaver;
			};
			name = Debug;
		};
		CBDC8ABD2C40A85B0043839D /* Release */ = {
			isa = XCBuildConfiguration;
			buildSettings = {
				ALWAYS_EMBED_SWIFT_STANDARD_LIBRARIES = YES;
				CODE_SIGN_STYLE = Automatic;
				CURRENT_PROJECT_VERSION = 1;
				GENERATE_INFOPLIST_FILE = YES;
				MARKETING_VERSION = 1.0;
				PRODUCT_BUNDLE_IDENTIFIER = co.ouchie.FoodSaverUITests;
				PRODUCT_NAME = "$(TARGET_NAME)";
				SWIFT_EMIT_LOC_STRINGS = NO;
				SWIFT_VERSION = 5.0;
				TARGETED_DEVICE_FAMILY = "1,2";
				TEST_TARGET_NAME = FoodSaver;
			};
			name = Release;
		};
/* End XCBuildConfiguration section */

/* Begin XCConfigurationList section */
		CBDC8A8C2C40A8570043839D /* Build configuration list for PBXProject "FoodSaver" */ = {
			isa = XCConfigurationList;
			buildConfigurations = (
				CBDC8AB32C40A85B0043839D /* Debug */,
				CBDC8AB42C40A85B0043839D /* Release */,
			);
			defaultConfigurationIsVisible = 0;
			defaultConfigurationName = Release;
		};
		CBDC8AB52C40A85B0043839D /* Build configuration list for PBXNativeTarget "FoodSaver" */ = {
			isa = XCConfigurationList;
			buildConfigurations = (
				CBDC8AB62C40A85B0043839D /* Debug */,
				CBDC8AB72C40A85B0043839D /* Release */,
			);
			defaultConfigurationIsVisible = 0;
			defaultConfigurationName = Release;
		};
		CBDC8AB82C40A85B0043839D /* Build configuration list for PBXNativeTarget "FoodSaverTests" */ = {
			isa = XCConfigurationList;
			buildConfigurations = (
				CBDC8AB92C40A85B0043839D /* Debug */,
				CBDC8ABA2C40A85B0043839D /* Release */,
			);
			defaultConfigurationIsVisible = 0;
			defaultConfigurationName = Release;
		};
		CBDC8ABB2C40A85B0043839D /* Build configuration list for PBXNativeTarget "FoodSaverUITests" */ = {
			isa = XCConfigurationList;
			buildConfigurations = (
				CBDC8ABC2C40A85B0043839D /* Debug */,
				CBDC8ABD2C40A85B0043839D /* Release */,
			);
			defaultConfigurationIsVisible = 0;
			defaultConfigurationName = Release;
		};
/* End XCConfigurationList section */

/* Begin XCRemoteSwiftPackageReference section */
		CBD8D7472C93789600D67D9F /* XCRemoteSwiftPackageReference "ConfettiSwiftUI" */ = {
			isa = XCRemoteSwiftPackageReference;
			repositoryURL = "https://github.com/simibac/ConfettiSwiftUI.git";
			requirement = {
				kind = upToNextMajorVersion;
				minimumVersion = 1.1.0;
			};
		};
/* End XCRemoteSwiftPackageReference section */

/* Begin XCSwiftPackageProductDependency section */
		CBD8D74B2C937A7F00D67D9F /* ConfettiSwiftUI */ = {
			isa = XCSwiftPackageProductDependency;
			package = CBD8D7472C93789600D67D9F /* XCRemoteSwiftPackageReference "ConfettiSwiftUI" */;
			productName = ConfettiSwiftUI;
		};
/* End XCSwiftPackageProductDependency section */
	};
	rootObject = CBDC8A892C40A8570043839D /* Project object */;
}
